
Microsoft Visual Studio Solution File, Format Version 12.00
# Visual Studio Version 17
VisualStudioVersion = 17.5.002.0
MinimumVisualStudioVersion = 10.0.40219.1
Project("{9A19103F-16F7-4668-BE54-9A1E7A4F7556}") = "eg-dotnet-tes", "eg-dotnet-tes.csproj", "{A7702742-BB03-4DF9-9396-7F87F90AE374}"
EndProject
Global
	GlobalSection(SolutionConfigurationPlatforms) = preSolution
		Debug|Any CPU = Debug|Any CPU
		Release|Any CPU = Release|Any CPU
	EndGlobalSection
	GlobalSection(ProjectConfigurationPlatforms) = postSolution
		{A7702742-BB03-4DF9-9396-7F87F90AE374}.Debug|Any CPU.ActiveCfg = Debug|Any CPU
		{A7702742-BB03-4DF9-9396-7F87F90AE374}.Debug|Any CPU.Build.0 = Debug|Any CPU
		{A7702742-BB03-4DF9-9396-7F87F90AE374}.Release|Any CPU.ActiveCfg = Release|Any CPU
		{A7702742-BB03-4DF9-9396-7F87F90AE374}.Release|Any CPU.Build.0 = Release|Any CPU
	EndGlobalSection
	GlobalSection(SolutionProperties) = preSolution
		HideSolutionNode = FALSE
	EndGlobalSection
	GlobalSection(ExtensibilityGlobals) = postSolution
		SolutionGuid = {BBA683E1-50DB-4831-8769-AC3FB536BEAD}
	EndGlobalSection
EndGlobal
